
Microsoft Visual Studio Solution File, Format Version 12.00
# Visual Studio Version 17
VisualStudioVersion = 17.7.34031.279
MinimumVisualStudioVersion = 10.0.40219.1
Project("{FAE04EC0-301F-11D3-BF4B-00C04F79EFBC}") = "educational_institution", "educational_institution\educational_institution.csproj", "{BB2DBD4C-AACF-41A1-B104-8A47A4F96D00}"
EndProject
Global
	GlobalSection(SolutionConfigurationPlatforms) = preSolution
		Debug|Any CPU = Debug|Any CPU
		Release|Any CPU = Release|Any CPU
	EndGlobalSection
	GlobalSection(ProjectConfigurationPlatforms) = postSolution
		{BB2DBD4C-AACF-41A1-B104-8A47A4F96D00}.Debug|Any CPU.ActiveCfg = Debug|Any CPU
		{BB2DBD4C-AACF-41A1-B104-8A47A4F96D00}.Debug|Any CPU.Build.0 = Debug|Any CPU
		{BB2DBD4C-AACF-41A1-B104-8A47A4F96D00}.Release|Any CPU.ActiveCfg = Release|Any CPU
		{BB2DBD4C-AACF-41A1-B104-8A47A4F96D00}.Release|Any CPU.Build.0 = Release|Any CPU
	EndGlobalSection
	GlobalSection(SolutionProperties) = preSolution
		HideSolutionNode = FALSE
	EndGlobalSection
	GlobalSection(ExtensibilityGlobals) = postSolution
		SolutionGuid = {021BD1A1-0700-4C33-9E7D-9F62524F9289}
	EndGlobalSection
EndGlobal
