
Microsoft Visual Studio Solution File, Format Version 12.00
# Visual Studio Version 17
VisualStudioVersion = 17.3.32922.545
MinimumVisualStudioVersion = 10.0.40219.1
Project("{FAE04EC0-301F-11D3-BF4B-00C04F79EFBC}") = "cargo transportation", "cargo transportation\cargo transportation.csproj", "{F22CBBB1-D5E3-4542-AA9F-861BB1BFCAE6}"
EndProject
Global
	GlobalSection(SolutionConfigurationPlatforms) = preSolution
		Debug|Any CPU = Debug|Any CPU
		Release|Any CPU = Release|Any CPU
	EndGlobalSection
	GlobalSection(ProjectConfigurationPlatforms) = postSolution
		{F22CBBB1-D5E3-4542-AA9F-861BB1BFCAE6}.Debug|Any CPU.ActiveCfg = Debug|Any CPU
		{F22CBBB1-D5E3-4542-AA9F-861BB1BFCAE6}.Debug|Any CPU.Build.0 = Debug|Any CPU
		{F22CBBB1-D5E3-4542-AA9F-861BB1BFCAE6}.Release|Any CPU.ActiveCfg = Release|Any CPU
		{F22CBBB1-D5E3-4542-AA9F-861BB1BFCAE6}.Release|Any CPU.Build.0 = Release|Any CPU
	EndGlobalSection
	GlobalSection(SolutionProperties) = preSolution
		HideSolutionNode = FALSE
	EndGlobalSection
	GlobalSection(ExtensibilityGlobals) = postSolution
		SolutionGuid = {827C4F6F-6B35-4A35-86E4-636F4E3E9BA5}
	EndGlobalSection
EndGlobal
