
Microsoft Visual Studio Solution File, Format Version 12.00
# Visual Studio Version 17
VisualStudioVersion = 17.7.34031.279
MinimumVisualStudioVersion = 10.0.40219.1
Project("{FAE04EC0-301F-11D3-BF4B-00C04F79EFBC}") = "management_company", "management_company\management_company.csproj", "{7AA41174-0A41-45CA-AC3F-28AD5833738D}"
EndProject
Global
	GlobalSection(SolutionConfigurationPlatforms) = preSolution
		Debug|Any CPU = Debug|Any CPU
		Release|Any CPU = Release|Any CPU
	EndGlobalSection
	GlobalSection(ProjectConfigurationPlatforms) = postSolution
		{7AA41174-0A41-45CA-AC3F-28AD5833738D}.Debug|Any CPU.ActiveCfg = Debug|Any CPU
		{7AA41174-0A41-45CA-AC3F-28AD5833738D}.Debug|Any CPU.Build.0 = Debug|Any CPU
		{7AA41174-0A41-45CA-AC3F-28AD5833738D}.Release|Any CPU.ActiveCfg = Release|Any CPU
		{7AA41174-0A41-45CA-AC3F-28AD5833738D}.Release|Any CPU.Build.0 = Release|Any CPU
	EndGlobalSection
	GlobalSection(SolutionProperties) = preSolution
		HideSolutionNode = FALSE
	EndGlobalSection
	GlobalSection(ExtensibilityGlobals) = postSolution
		SolutionGuid = {E9C7D8A2-4F19-44F4-86C1-BE351DF6EA68}
	EndGlobalSection
EndGlobal
