
Microsoft Visual Studio Solution File, Format Version 12.00
# Visual Studio Version 17
VisualStudioVersion = 17.3.32922.545
MinimumVisualStudioVersion = 10.0.40219.1
Project("{FAE04EC0-301F-11D3-BF4B-00C04F79EFBC}") = "InternetNewsPortal", "InternetNewsPortal\InternetNewsPortal.csproj", "{79388BF4-DD44-4B93-ADC9-29ECBEEDDBD4}"
EndProject
Global
	GlobalSection(SolutionConfigurationPlatforms) = preSolution
		Debug|Any CPU = Debug|Any CPU
		Release|Any CPU = Release|Any CPU
	EndGlobalSection
	GlobalSection(ProjectConfigurationPlatforms) = postSolution
		{79388BF4-DD44-4B93-ADC9-29ECBEEDDBD4}.Debug|Any CPU.ActiveCfg = Debug|Any CPU
		{79388BF4-DD44-4B93-ADC9-29ECBEEDDBD4}.Debug|Any CPU.Build.0 = Debug|Any CPU
		{79388BF4-DD44-4B93-ADC9-29ECBEEDDBD4}.Release|Any CPU.ActiveCfg = Release|Any CPU
		{79388BF4-DD44-4B93-ADC9-29ECBEEDDBD4}.Release|Any CPU.Build.0 = Release|Any CPU
	EndGlobalSection
	GlobalSection(SolutionProperties) = preSolution
		HideSolutionNode = FALSE
	EndGlobalSection
	GlobalSection(ExtensibilityGlobals) = postSolution
		SolutionGuid = {19B92E42-B6EE-46EA-8784-451490870ACB}
	EndGlobalSection
EndGlobal
