
Microsoft Visual Studio Solution File, Format Version 12.00
# Visual Studio Version 17
VisualStudioVersion = 17.3.32922.545
MinimumVisualStudioVersion = 10.0.40219.1
Project("{FAE04EC0-301F-11D3-BF4B-00C04F79EFBC}") = "StudentEmployee", "StudentEmployee\StudentEmployee.csproj", "{3180CF6B-9621-4695-8D91-FD92DF80295D}"
EndProject
Global
	GlobalSection(SolutionConfigurationPlatforms) = preSolution
		Debug|Any CPU = Debug|Any CPU
		Release|Any CPU = Release|Any CPU
	EndGlobalSection
	GlobalSection(ProjectConfigurationPlatforms) = postSolution
		{3180CF6B-9621-4695-8D91-FD92DF80295D}.Debug|Any CPU.ActiveCfg = Debug|Any CPU
		{3180CF6B-9621-4695-8D91-FD92DF80295D}.Debug|Any CPU.Build.0 = Debug|Any CPU
		{3180CF6B-9621-4695-8D91-FD92DF80295D}.Release|Any CPU.ActiveCfg = Release|Any CPU
		{3180CF6B-9621-4695-8D91-FD92DF80295D}.Release|Any CPU.Build.0 = Release|Any CPU
	EndGlobalSection
	GlobalSection(SolutionProperties) = preSolution
		HideSolutionNode = FALSE
	EndGlobalSection
	GlobalSection(ExtensibilityGlobals) = postSolution
		SolutionGuid = {765A110B-42F6-4F94-A2F1-9619EF50B801}
	EndGlobalSection
EndGlobal
